
Microsoft Visual Studio Solution File, Format Version 12.00
Project("{FAE04EC0-301F-11D3-BF4B-00C04F79EFBC}") = "STSolution.Web", "STSolution.Web\STSolution.Web.csproj", "{CFC4C2B0-362B-40E0-8C35-2712B05D4FF5}"
EndProject
Project("{FAE04EC0-301F-11D3-BF4B-00C04F79EFBC}") = "STSolution.Data", "STSolution.Data\STSolution.Data.csproj", "{64AC7BB2-949B-4844-840E-7A4BE35D2C64}"
EndProject
Global
	GlobalSection(SolutionConfigurationPlatforms) = preSolution
		Debug|Any CPU = Debug|Any CPU
		Release|Any CPU = Release|Any CPU
	EndGlobalSection
	GlobalSection(ProjectConfigurationPlatforms) = postSolution
		{CFC4C2B0-362B-40E0-8C35-2712B05D4FF5}.Debug|Any CPU.ActiveCfg = Debug|Any CPU
		{CFC4C2B0-362B-40E0-8C35-2712B05D4FF5}.Debug|Any CPU.Build.0 = Debug|Any CPU
		{CFC4C2B0-362B-40E0-8C35-2712B05D4FF5}.Release|Any CPU.ActiveCfg = Release|Any CPU
		{CFC4C2B0-362B-40E0-8C35-2712B05D4FF5}.Release|Any CPU.Build.0 = Release|Any CPU
		{64AC7BB2-949B-4844-840E-7A4BE35D2C64}.Debug|Any CPU.ActiveCfg = Debug|Any CPU
		{64AC7BB2-949B-4844-840E-7A4BE35D2C64}.Debug|Any CPU.Build.0 = Debug|Any CPU
		{64AC7BB2-949B-4844-840E-7A4BE35D2C64}.Release|Any CPU.ActiveCfg = Release|Any CPU
		{64AC7BB2-949B-4844-840E-7A4BE35D2C64}.Release|Any CPU.Build.0 = Release|Any CPU
	EndGlobalSection
EndGlobal
